# Software-only dividend scenario overlay. Install in a new environment with:
#   pip install -r requirements.lock
#   pip install --no-deps -r stack.dividend-scenario.lock
# The frozen stack.lock remains the default research environment.
quant-data-kit @ git+https://github.com/PureSaber/quant-data-kit.git@61b571bdb9bba5d0a8c3aff8b406864539d0a9fc
quant-execution @ git+https://github.com/PureSaber/quant-execution.git@b2ab4fc8c8705b7ae0a78991318880245a47b29d
quant-factors @ git+https://github.com/PureSaber/quant-factors.git@4ff2ab39f1557c6c1247c1406a007fbd923196fd
quant-lab @ git+https://github.com/PureSaber/quant-lab.git@8b87aa176d1b0eaacbe918593b83bbec6d1baa33
